{
  "requires": true,
  "lockfileVersion": 1,
  "dependencies": {
    "react-awesome-modal": {
      "version": "2.0.5",
      "resolved": "https://registry.npmjs.org/react-awesome-modal/-/react-awesome-modal-2.0.5.tgz",
      "integrity": "sha512-H+0xKBhcGJCoDtMww5K+XUzQtK+oRNpXr1VZoN1tbBgu+fzrLrF+ZkdRC1XiPLJ5gpVd9uR90yg8nyPTtYj/OQ=="
    }
  }
}
